// !$*UTF8*$!
{
	archiveVersion = 1;
	classes = {
	};
	objectVersion = 56;
	objects = {

/* Begin PBXBuildFile section */
		E7543F572C690B4800EAAF6C /* AudioSessionManager.swift in Sources */ = {isa = PBXBuildFile; fileRef = E7543F562C690B4800EAAF6C /* AudioSessionManager.swift */; };
		E7543F592C690CED00EAAF6C /* SpeechRecognizer.swift in Sources */ = {isa = PBXBuildFile; fileRef = E7543F582C690CED00EAAF6C /* SpeechRecognizer.swift */; };
		E7543F5B2C6914F800EAAF6C /* TranscriptView.swift in Sources */ = {isa = PBXBuildFile; fileRef = E7543F5A2C6914F800EAAF6C /* TranscriptView.swift */; };
		E79D9CEE2C57D8010098BE30 /* DirectionButton.swift in Sources */ = {isa = PBXBuildFile; fileRef = E79D9CED2C57D8010098BE30 /* DirectionButton.swift */; };
		E7AAFD822C6BD7E000EBB753 /* AudioClassifier.swift in Sources */ = {isa = PBXBuildFile; fileRef = E7AAFD812C6BD7E000EBB753 /* AudioClassifier.swift */; };
		E7AAFD842C6BD8EF00EBB753 /* AudioClassificationManager.swift in Sources */ = {isa = PBXBuildFile; fileRef = E7AAFD832C6BD8EF00EBB753 /* AudioClassificationManager.swift */; };
		E7AAFD872C6BD91200EBB753 /* ClassificationResultsSubject.swift in Sources */ = {isa = PBXBuildFile; fileRef = E7AAFD862C6BD91200EBB753 /* ClassificationResultsSubject.swift */; };
		E7AAFD892C6BD92400EBB753 /* SoundIdentifier.swift in Sources */ = {isa = PBXBuildFile; fileRef = E7AAFD882C6BD92400EBB753 /* SoundIdentifier.swift */; };
		E7AAFD8B2C6BD93300EBB753 /* DetectionState.swift in Sources */ = {isa = PBXBuildFile; fileRef = E7AAFD8A2C6BD93200EBB753 /* DetectionState.swift */; };
		E7B42F382C43632700750E79 /* SoundWeaverRemoteApp.swift in Sources */ = {isa = PBXBuildFile; fileRef = E7B42F372C43632700750E79 /* SoundWeaverRemoteApp.swift */; };
		E7B42F3A2C43632700750E79 /* ContentView.swift in Sources */ = {isa = PBXBuildFile; fileRef = E7B42F392C43632700750E79 /* ContentView.swift */; };
		E7B42F3C2C43632700750E79 /* Assets.xcassets in Resources */ = {isa = PBXBuildFile; fileRef = E7B42F3B2C43632700750E79 /* Assets.xcassets */; };
		E7B42F3F2C43632700750E79 /* Preview Assets.xcassets in Resources */ = {isa = PBXBuildFile; fileRef = E7B42F3E2C43632700750E79 /* Preview Assets.xcassets */; };
		E7B42F492C4365A400750E79 /* FirebaseDatabase in Frameworks */ = {isa = PBXBuildFile; productRef = E7B42F482C4365A400750E79 /* FirebaseDatabase */; };
		E7B42F4B2C4365A400750E79 /* FirebaseDatabaseSwift in Frameworks */ = {isa = PBXBuildFile; productRef = E7B42F4A2C4365A400750E79 /* FirebaseDatabaseSwift */; };
		E7B42F4D2C4365A400750E79 /* FirebaseFirestore in Frameworks */ = {isa = PBXBuildFile; productRef = E7B42F4C2C4365A400750E79 /* FirebaseFirestore */; };
		E7B42F4F2C4365A400750E79 /* FirebaseFirestoreCombine-Community in Frameworks */ = {isa = PBXBuildFile; productRef = E7B42F4E2C4365A400750E79 /* FirebaseFirestoreCombine-Community */; };
		E7B42F512C4365A400750E79 /* FirebaseFirestoreSwift in Frameworks */ = {isa = PBXBuildFile; productRef = E7B42F502C4365A400750E79 /* FirebaseFirestoreSwift */; };
		E7B42F532C4365E900750E79 /* FirebaseAnalytics in Frameworks */ = {isa = PBXBuildFile; productRef = E7B42F522C4365E900750E79 /* FirebaseAnalytics */; };
		E7B42F552C4365E900750E79 /* FirebaseAnalyticsOnDeviceConversion in Frameworks */ = {isa = PBXBuildFile; productRef = E7B42F542C4365E900750E79 /* FirebaseAnalyticsOnDeviceConversion */; };
		E7B42F572C4365E900750E79 /* FirebaseAnalyticsSwift in Frameworks */ = {isa = PBXBuildFile; productRef = E7B42F562C4365E900750E79 /* FirebaseAnalyticsSwift */; };
/* End PBXBuildFile section */

/* Begin PBXFileReference section */
		E7543F562C690B4800EAAF6C /* AudioSessionManager.swift */ = {isa = PBXFileReference; lastKnownFileType = sourcecode.swift; path = AudioSessionManager.swift; sourceTree = "<group>"; };
		E7543F582C690CED00EAAF6C /* SpeechRecognizer.swift */ = {isa = PBXFileReference; lastKnownFileType = sourcecode.swift; path = SpeechRecognizer.swift; sourceTree = "<group>"; };
		E7543F5A2C6914F800EAAF6C /* TranscriptView.swift */ = {isa = PBXFileReference; lastKnownFileType = sourcecode.swift; path = TranscriptView.swift; sourceTree = "<group>"; };
		E79D9CED2C57D8010098BE30 /* DirectionButton.swift */ = {isa = PBXFileReference; lastKnownFileType = sourcecode.swift; path = DirectionButton.swift; sourceTree = "<group>"; };
		E7AAFD812C6BD7E000EBB753 /* AudioClassifier.swift */ = {isa = PBXFileReference; lastKnownFileType = sourcecode.swift; path = AudioClassifier.swift; sourceTree = "<group>"; };
		E7AAFD832C6BD8EF00EBB753 /* AudioClassificationManager.swift */ = {isa = PBXFileReference; lastKnownFileType = sourcecode.swift; path = AudioClassificationManager.swift; sourceTree = "<group>"; };
		E7AAFD862C6BD91200EBB753 /* ClassificationResultsSubject.swift */ = {isa = PBXFileReference; lastKnownFileType = sourcecode.swift; path = ClassificationResultsSubject.swift; sourceTree = "<group>"; };
		E7AAFD882C6BD92400EBB753 /* SoundIdentifier.swift */ = {isa = PBXFileReference; lastKnownFileType = sourcecode.swift; path = SoundIdentifier.swift; sourceTree = "<group>"; };
		E7AAFD8A2C6BD93200EBB753 /* DetectionState.swift */ = {isa = PBXFileReference; lastKnownFileType = sourcecode.swift; path = DetectionState.swift; sourceTree = "<group>"; };
		E7B42F342C43632700750E79 /* SoundWeaverRemote.app */ = {isa = PBXFileReference; explicitFileType = wrapper.application; includeInIndex = 0; path = SoundWeaverRemote.app; sourceTree = BUILT_PRODUCTS_DIR; };
		E7B42F372C43632700750E79 /* SoundWeaverRemoteApp.swift */ = {isa = PBXFileReference; lastKnownFileType = sourcecode.swift; path = SoundWeaverRemoteApp.swift; sourceTree = "<group>"; };
		E7B42F392C43632700750E79 /* ContentView.swift */ = {isa = PBXFileReference; lastKnownFileType = sourcecode.swift; path = ContentView.swift; sourceTree = "<group>"; };
		E7B42F3B2C43632700750E79 /* Assets.xcassets */ = {isa = PBXFileReference; lastKnownFileType = folder.assetcatalog; path = Assets.xcassets; sourceTree = "<group>"; };
		E7B42F3E2C43632700750E79 /* Preview Assets.xcassets */ = {isa = PBXFileReference; lastKnownFileType = folder.assetcatalog; path = "Preview Assets.xcassets"; sourceTree = "<group>"; };
/* End PBXFileReference section */

/* Begin PBXFrameworksBuildPhase section */
		E7B42F312C43632700750E79 /* Frameworks */ = {
			isa = PBXFrameworksBuildPhase;
			buildActionMask = 2147483647;
			files = (
				E7B42F512C4365A400750E79 /* FirebaseFirestoreSwift in Frameworks */,
				E7B42F4B2C4365A400750E79 /* FirebaseDatabaseSwift in Frameworks */,
				E7B42F532C4365E900750E79 /* FirebaseAnalytics in Frameworks */,
				E7B42F552C4365E900750E79 /* FirebaseAnalyticsOnDeviceConversion in Frameworks */,
				E7B42F572C4365E900750E79 /* FirebaseAnalyticsSwift in Frameworks */,
				E7B42F4F2C4365A400750E79 /* FirebaseFirestoreCombine-Community in Frameworks */,
				E7B42F492C4365A400750E79 /* FirebaseDatabase in Frameworks */,
				E7B42F4D2C4365A400750E79 /* FirebaseFirestore in Frameworks */,
			);
			runOnlyForDeploymentPostprocessing = 0;
		};
/* End PBXFrameworksBuildPhase section */

/* Begin PBXGroup section */
		E7AAFD852C6BD90500EBB753 /* Helper */ = {
			isa = PBXGroup;
			children = (
				E7AAFD862C6BD91200EBB753 /* ClassificationResultsSubject.swift */,
				E7AAFD882C6BD92400EBB753 /* SoundIdentifier.swift */,
				E7AAFD8A2C6BD93200EBB753 /* DetectionState.swift */,
			);
			path = Helper;
			sourceTree = "<group>";
		};
		E7B42F2B2C43632700750E79 = {
			isa = PBXGroup;
			children = (
				E7B42F362C43632700750E79 /* SoundWeaverRemote */,
				E7B42F352C43632700750E79 /* Products */,
			);
			sourceTree = "<group>";
		};
		E7B42F352C43632700750E79 /* Products */ = {
			isa = PBXGroup;
			children = (
				E7B42F342C43632700750E79 /* SoundWeaverRemote.app */,
			);
			name = Products;
			sourceTree = "<group>";
		};
		E7B42F362C43632700750E79 /* SoundWeaverRemote */ = {
			isa = PBXGroup;
			children = (
				E7AAFD852C6BD90500EBB753 /* Helper */,
				E7B42F372C43632700750E79 /* SoundWeaverRemoteApp.swift */,
				E7B42F392C43632700750E79 /* ContentView.swift */,
				E79D9CED2C57D8010098BE30 /* DirectionButton.swift */,
				E7B42F3B2C43632700750E79 /* Assets.xcassets */,
				E7B42F3D2C43632700750E79 /* Preview Content */,
				E7543F562C690B4800EAAF6C /* AudioSessionManager.swift */,
				E7543F582C690CED00EAAF6C /* SpeechRecognizer.swift */,
				E7543F5A2C6914F800EAAF6C /* TranscriptView.swift */,
				E7AAFD812C6BD7E000EBB753 /* AudioClassifier.swift */,
				E7AAFD832C6BD8EF00EBB753 /* AudioClassificationManager.swift */,
			);
			path = SoundWeaverRemote;
			sourceTree = "<group>";
		};
		E7B42F3D2C43632700750E79 /* Preview Content */ = {
			isa = PBXGroup;
			children = (
				E7B42F3E2C43632700750E79 /* Preview Assets.xcassets */,
			);
			path = "Preview Content";
			sourceTree = "<group>";
		};
/* End PBXGroup section */

/* Begin PBXNativeTarget section */
		E7B42F332C43632700750E79 /* SoundWeaverRemote */ = {
			isa = PBXNativeTarget;
			buildConfigurationList = E7B42F422C43632700750E79 /* Build configuration list for PBXNativeTarget "SoundWeaverRemote" */;
			buildPhases = (
				E7B42F302C43632700750E79 /* Sources */,
				E7B42F312C43632700750E79 /* Frameworks */,
				E7B42F322C43632700750E79 /* Resources */,
			);
			buildRules = (
			);
			dependencies = (
			);
			name = SoundWeaverRemote;
			packageProductDependencies = (
				E7B42F482C4365A400750E79 /* FirebaseDatabase */,
				E7B42F4A2C4365A400750E79 /* FirebaseDatabaseSwift */,
				E7B42F4C2C4365A400750E79 /* FirebaseFirestore */,
				E7B42F4E2C4365A400750E79 /* FirebaseFirestoreCombine-Community */,
				E7B42F502C4365A400750E79 /* FirebaseFirestoreSwift */,
				E7B42F522C4365E900750E79 /* FirebaseAnalytics */,
				E7B42F542C4365E900750E79 /* FirebaseAnalyticsOnDeviceConversion */,
				E7B42F562C4365E900750E79 /* FirebaseAnalyticsSwift */,
			);
			productName = SoundWeaverRemote;
			productReference = E7B42F342C43632700750E79 /* SoundWeaverRemote.app */;
			productType = "com.apple.product-type.application";
		};
/* End PBXNativeTarget section */

/* Begin PBXProject section */
		E7B42F2C2C43632700750E79 /* Project object */ = {
			isa = PBXProject;
			attributes = {
				BuildIndependentTargetsInParallel = 1;
				LastSwiftUpdateCheck = 1540;
				LastUpgradeCheck = 1540;
				TargetAttributes = {
					E7B42F332C43632700750E79 = {
						CreatedOnToolsVersion = 15.4;
					};
				};
			};
			buildConfigurationList = E7B42F2F2C43632700750E79 /* Build configuration list for PBXProject "SoundWeaverRemote" */;
			compatibilityVersion = "Xcode 14.0";
			developmentRegion = en;
			hasScannedForEncodings = 0;
			knownRegions = (
				en,
				Base,
			);
			mainGroup = E7B42F2B2C43632700750E79;
			packageReferences = (
				E7B42F472C4365A400750E79 /* XCRemoteSwiftPackageReference "firebase-ios-sdk" */,
			);
			productRefGroup = E7B42F352C43632700750E79 /* Products */;
			projectDirPath = "";
			projectRoot = "";
			targets = (
				E7B42F332C43632700750E79 /* SoundWeaverRemote */,
			);
		};
/* End PBXProject section */

/* Begin PBXResourcesBuildPhase section */
		E7B42F322C43632700750E79 /* Resources */ = {
			isa = PBXResourcesBuildPhase;
			buildActionMask = 2147483647;
			files = (
				E7B42F3F2C43632700750E79 /* Preview Assets.xcassets in Resources */,
				E7B42F3C2C43632700750E79 /* Assets.xcassets in Resources */,
			);
			runOnlyForDeploymentPostprocessing = 0;
		};
/* End PBXResourcesBuildPhase section */

/* Begin PBXSourcesBuildPhase section */
		E7B42F302C43632700750E79 /* Sources */ = {
			isa = PBXSourcesBuildPhase;
			buildActionMask = 2147483647;
			files = (
				E7AAFD842C6BD8EF00EBB753 /* AudioClassificationManager.swift in Sources */,
				E7543F592C690CED00EAAF6C /* SpeechRecognizer.swift in Sources */,
				E7AAFD892C6BD92400EBB753 /* SoundIdentifier.swift in Sources */,
				E7AAFD8B2C6BD93300EBB753 /* DetectionState.swift in Sources */,
				E7AAFD872C6BD91200EBB753 /* ClassificationResultsSubject.swift in Sources */,
				E79D9CEE2C57D8010098BE30 /* DirectionButton.swift in Sources */,
				E7543F572C690B4800EAAF6C /* AudioSessionManager.swift in Sources */,
				E7B42F3A2C43632700750E79 /* ContentView.swift in Sources */,
				E7543F5B2C6914F800EAAF6C /* TranscriptView.swift in Sources */,
				E7AAFD822C6BD7E000EBB753 /* AudioClassifier.swift in Sources */,
				E7B42F382C43632700750E79 /* SoundWeaverRemoteApp.swift in Sources */,
			);
			runOnlyForDeploymentPostprocessing = 0;
		};
/* End PBXSourcesBuildPhase section */

/* Begin XCBuildConfiguration section */
		E7B42F402C43632700750E79 /* Debug */ = {
			isa = XCBuildConfiguration;
			buildSettings = {
				ALWAYS_SEARCH_USER_PATHS = NO;
				ASSETCATALOG_COMPILER_GENERATE_SWIFT_ASSET_SYMBOL_EXTENSIONS = YES;
				CLANG_ANALYZER_NONNULL = YES;
				CLANG_ANALYZER_NUMBER_OBJECT_CONVERSION = YES_AGGRESSIVE;
				CLANG_CXX_LANGUAGE_STANDARD = "gnu++20";
				CLANG_ENABLE_MODULES = YES;
				CLANG_ENABLE_OBJC_ARC = YES;
				CLANG_ENABLE_OBJC_WEAK = YES;
				CLANG_WARN_BLOCK_CAPTURE_AUTORELEASING = YES;
				CLANG_WARN_BOOL_CONVERSION = YES;
				CLANG_WARN_COMMA = YES;
				CLANG_WARN_CONSTANT_CONVERSION = YES;
				CLANG_WARN_DEPRECATED_OBJC_IMPLEMENTATIONS = YES;
				CLANG_WARN_DIRECT_OBJC_ISA_USAGE = YES_ERROR;
				CLANG_WARN_DOCUMENTATION_COMMENTS = YES;
				CLANG_WARN_EMPTY_BODY = YES;
				CLANG_WARN_ENUM_CONVERSION = YES;
				CLANG_WARN_INFINITE_RECURSION = YES;
				CLANG_WARN_INT_CONVERSION = YES;
				CLANG_WARN_NON_LITERAL_NULL_CONVERSION = YES;
				CLANG_WARN_OBJC_IMPLICIT_RETAIN_SELF = YES;
				CLANG_WARN_OBJC_LITERAL_CONVERSION = YES;
				CLANG_WARN_OBJC_ROOT_CLASS = YES_ERROR;
				CLANG_WARN_QUOTED_INCLUDE_IN_FRAMEWORK_HEADER = YES;
				CLANG_WARN_RANGE_LOOP_ANALYSIS = YES;
				CLANG_WARN_STRICT_PROTOTYPES = YES;
				CLANG_WARN_SUSPICIOUS_MOVE = YES;
				CLANG_WARN_UNGUARDED_AVAILABILITY = YES_AGGRESSIVE;
				CLANG_WARN_UNREACHABLE_CODE = YES;
				CLANG_WARN__DUPLICATE_METHOD_MATCH = YES;
				COPY_PHASE_STRIP = NO;
				DEBUG_INFORMATION_FORMAT = dwarf;
				ENABLE_STRICT_OBJC_MSGSEND = YES;
				ENABLE_TESTABILITY = YES;
				ENABLE_USER_SCRIPT_SANDBOXING = YES;
				GCC_C_LANGUAGE_STANDARD = gnu17;
				GCC_DYNAMIC_NO_PIC = NO;
				GCC_NO_COMMON_BLOCKS = YES;
				GCC_OPTIMIZATION_LEVEL = 0;
				GCC_PREPROCESSOR_DEFINITIONS = (
					"DEBUG=1",
					"$(inherited)",
				);
				GCC_WARN_64_TO_32_BIT_CONVERSION = YES;
				GCC_WARN_ABOUT_RETURN_TYPE = YES_ERROR;
				GCC_WARN_UNDECLARED_SELECTOR = YES;
				GCC_WARN_UNINITIALIZED_AUTOS = YES_AGGRESSIVE;
				GCC_WARN_UNUSED_FUNCTION = YES;
				GCC_WARN_UNUSED_VARIABLE = YES;
				IPHONEOS_DEPLOYMENT_TARGET = 17.5;
				LOCALIZATION_PREFERS_STRING_CATALOGS = YES;
				MTL_ENABLE_DEBUG_INFO = INCLUDE_SOURCE;
				MTL_FAST_MATH = YES;
				ONLY_ACTIVE_ARCH = YES;
				SDKROOT = iphoneos;
				SWIFT_ACTIVE_COMPILATION_CONDITIONS = "DEBUG $(inherited)";
				SWIFT_OPTIMIZATION_LEVEL = "-Onone";
			};
			name = Debug;
		};
		E7B42F412C43632700750E79 /* Release */ = {
			isa = XCBuildConfiguration;
			buildSettings = {
				ALWAYS_SEARCH_USER_PATHS = NO;
				ASSETCATALOG_COMPILER_GENERATE_SWIFT_ASSET_SYMBOL_EXTENSIONS = YES;
				CLANG_ANALYZER_NONNULL = YES;
				CLANG_ANALYZER_NUMBER_OBJECT_CONVERSION = YES_AGGRESSIVE;
				CLANG_CXX_LANGUAGE_STANDARD = "gnu++20";
				CLANG_ENABLE_MODULES = YES;
				CLANG_ENABLE_OBJC_ARC = YES;
				CLANG_ENABLE_OBJC_WEAK = YES;
				CLANG_WARN_BLOCK_CAPTURE_AUTORELEASING = YES;
				CLANG_WARN_BOOL_CONVERSION = YES;
				CLANG_WARN_COMMA = YES;
				CLANG_WARN_CONSTANT_CONVERSION = YES;
				CLANG_WARN_DEPRECATED_OBJC_IMPLEMENTATIONS = YES;
				CLANG_WARN_DIRECT_OBJC_ISA_USAGE = YES_ERROR;
				CLANG_WARN_DOCUMENTATION_COMMENTS = YES;
				CLANG_WARN_EMPTY_BODY = YES;
				CLANG_WARN_ENUM_CONVERSION = YES;
				CLANG_WARN_INFINITE_RECURSION = YES;
				CLANG_WARN_INT_CONVERSION = YES;
				CLANG_WARN_NON_LITERAL_NULL_CONVERSION = YES;
				CLANG_WARN_OBJC_IMPLICIT_RETAIN_SELF = YES;
				CLANG_WARN_OBJC_LITERAL_CONVERSION = YES;
				CLANG_WARN_OBJC_ROOT_CLASS = YES_ERROR;
				CLANG_WARN_QUOTED_INCLUDE_IN_FRAMEWORK_HEADER = YES;
				CLANG_WARN_RANGE_LOOP_ANALYSIS = YES;
				CLANG_WARN_STRICT_PROTOTYPES = YES;
				CLANG_WARN_SUSPICIOUS_MOVE = YES;
				CLANG_WARN_UNGUARDED_AVAILABILITY = YES_AGGRESSIVE;
				CLANG_WARN_UNREACHABLE_CODE = YES;
				CLANG_WARN__DUPLICATE_METHOD_MATCH = YES;
				COPY_PHASE_STRIP = NO;
				DEBUG_INFORMATION_FORMAT = "dwarf-with-dsym";
				ENABLE_NS_ASSERTIONS = NO;
				ENABLE_STRICT_OBJC_MSGSEND = YES;
				ENABLE_USER_SCRIPT_SANDBOXING = YES;
				GCC_C_LANGUAGE_STANDARD = gnu17;
				GCC_NO_COMMON_BLOCKS = YES;
				GCC_WARN_64_TO_32_BIT_CONVERSION = YES;
				GCC_WARN_ABOUT_RETURN_TYPE = YES_ERROR;
				GCC_WARN_UNDECLARED_SELECTOR = YES;
				GCC_WARN_UNINITIALIZED_AUTOS = YES_AGGRESSIVE;
				GCC_WARN_UNUSED_FUNCTION = YES;
				GCC_WARN_UNUSED_VARIABLE = YES;
				IPHONEOS_DEPLOYMENT_TARGET = 17.5;
				LOCALIZATION_PREFERS_STRING_CATALOGS = YES;
				MTL_ENABLE_DEBUG_INFO = NO;
				MTL_FAST_MATH = YES;
				SDKROOT = iphoneos;
				SWIFT_COMPILATION_MODE = wholemodule;
				VALIDATE_PRODUCT = YES;
			};
			name = Release;
		};
		E7B42F432C43632700750E79 /* Debug */ = {
			isa = XCBuildConfiguration;
			buildSettings = {
				ASSETCATALOG_COMPILER_APPICON_NAME = AppIcon;
				ASSETCATALOG_COMPILER_GLOBAL_ACCENT_COLOR_NAME = AccentColor;
				CODE_SIGN_STYLE = Automatic;
				CURRENT_PROJECT_VERSION = 1;
				DEVELOPMENT_ASSET_PATHS = "\"SoundWeaverRemote/Preview Content\"";
				DEVELOPMENT_TEAM = ST54V5XQY4;
				ENABLE_PREVIEWS = YES;
				GENERATE_INFOPLIST_FILE = YES;
				INFOPLIST_KEY_NSMicrophoneUsageDescription = "We will need access to your microphone to capture audio";
				INFOPLIST_KEY_NSSpeechRecognitionUsageDescription = "$(MARKETING_VERSION)";
				INFOPLIST_KEY_UIApplicationSceneManifest_Generation = YES;
				INFOPLIST_KEY_UIApplicationSupportsIndirectInputEvents = YES;
				INFOPLIST_KEY_UILaunchScreen_Generation = YES;
				INFOPLIST_KEY_UISupportedInterfaceOrientations_iPad = "UIInterfaceOrientationPortrait UIInterfaceOrientationPortraitUpsideDown UIInterfaceOrientationLandscapeLeft UIInterfaceOrientationLandscapeRight";
				INFOPLIST_KEY_UISupportedInterfaceOrientations_iPhone = "UIInterfaceOrientationPortrait UIInterfaceOrientationLandscapeLeft UIInterfaceOrientationLandscapeRight";
				LD_RUNPATH_SEARCH_PATHS = (
					"$(inherited)",
					"@executable_path/Frameworks",
				);
				MARKETING_VERSION = 1.0;
				PRODUCT_BUNDLE_IDENTIFIER = zjhuang.SoundWeaverRemote;
				PRODUCT_NAME = "$(TARGET_NAME)";
				SWIFT_EMIT_LOC_STRINGS = YES;
				SWIFT_VERSION = 5.0;
				TARGETED_DEVICE_FAMILY = "1,2";
			};
			name = Debug;
		};
		E7B42F442C43632700750E79 /* Release */ = {
			isa = XCBuildConfiguration;
			buildSettings = {
				ASSETCATALOG_COMPILER_APPICON_NAME = AppIcon;
				ASSETCATALOG_COMPILER_GLOBAL_ACCENT_COLOR_NAME = AccentColor;
				CODE_SIGN_STYLE = Automatic;
				CURRENT_PROJECT_VERSION = 1;
				DEVELOPMENT_ASSET_PATHS = "\"SoundWeaverRemote/Preview Content\"";
				ENABLE_PREVIEWS = YES;
				GENERATE_INFOPLIST_FILE = YES;
				INFOPLIST_KEY_NSMicrophoneUsageDescription = "We will need access to your microphone to capture audio";
				INFOPLIST_KEY_NSSpeechRecognitionUsageDescription = "$(MARKETING_VERSION)";
				INFOPLIST_KEY_UIApplicationSceneManifest_Generation = YES;
				INFOPLIST_KEY_UIApplicationSupportsIndirectInputEvents = YES;
				INFOPLIST_KEY_UILaunchScreen_Generation = YES;
				INFOPLIST_KEY_UISupportedInterfaceOrientations_iPad = "UIInterfaceOrientationPortrait UIInterfaceOrientationPortraitUpsideDown UIInterfaceOrientationLandscapeLeft UIInterfaceOrientationLandscapeRight";
				INFOPLIST_KEY_UISupportedInterfaceOrientations_iPhone = "UIInterfaceOrientationPortrait UIInterfaceOrientationLandscapeLeft UIInterfaceOrientationLandscapeRight";
				LD_RUNPATH_SEARCH_PATHS = (
					"$(inherited)",
					"@executable_path/Frameworks",
				);
				MARKETING_VERSION = 1.0;
				PRODUCT_BUNDLE_IDENTIFIER = zjhuang.SoundWeaverRemote;
				PRODUCT_NAME = "$(TARGET_NAME)";
				SWIFT_EMIT_LOC_STRINGS = YES;
				SWIFT_VERSION = 5.0;
				TARGETED_DEVICE_FAMILY = "1,2";
			};
			name = Release;
		};
/* End XCBuildConfiguration section */

/* Begin XCConfigurationList section */
		E7B42F2F2C43632700750E79 /* Build configuration list for PBXProject "SoundWeaverRemote" */ = {
			isa = XCConfigurationList;
			buildConfigurations = (
				E7B42F402C43632700750E79 /* Debug */,
				E7B42F412C43632700750E79 /* Release */,
			);
			defaultConfigurationIsVisible = 0;
			defaultConfigurationName = Release;
		};
		E7B42F422C43632700750E79 /* Build configuration list for PBXNativeTarget "SoundWeaverRemote" */ = {
			isa = XCConfigurationList;
			buildConfigurations = (
				E7B42F432C43632700750E79 /* Debug */,
				E7B42F442C43632700750E79 /* Release */,
			);
			defaultConfigurationIsVisible = 0;
			defaultConfigurationName = Release;
		};
/* End XCConfigurationList section */

/* Begin XCRemoteSwiftPackageReference section */
		E7B42F472C4365A400750E79 /* XCRemoteSwiftPackageReference "firebase-ios-sdk" */ = {
			isa = XCRemoteSwiftPackageReference;
			repositoryURL = "https://github.com/firebase/firebase-ios-sdk";
			requirement = {
				kind = upToNextMajorVersion;
				minimumVersion = 10.29.0;
			};
		};
/* End XCRemoteSwiftPackageReference section */

/* Begin XCSwiftPackageProductDependency section */
		E7B42F482C4365A400750E79 /* FirebaseDatabase */ = {
			isa = XCSwiftPackageProductDependency;
			package = E7B42F472C4365A400750E79 /* XCRemoteSwiftPackageReference "firebase-ios-sdk" */;
			productName = FirebaseDatabase;
		};
		E7B42F4A2C4365A400750E79 /* FirebaseDatabaseSwift */ = {
			isa = XCSwiftPackageProductDependency;
			package = E7B42F472C4365A400750E79 /* XCRemoteSwiftPackageReference "firebase-ios-sdk" */;
			productName = FirebaseDatabaseSwift;
		};
		E7B42F4C2C4365A400750E79 /* FirebaseFirestore */ = {
			isa = XCSwiftPackageProductDependency;
			package = E7B42F472C4365A400750E79 /* XCRemoteSwiftPackageReference "firebase-ios-sdk" */;
			productName = FirebaseFirestore;
		};
		E7B42F4E2C4365A400750E79 /* FirebaseFirestoreCombine-Community */ = {
			isa = XCSwiftPackageProductDependency;
			package = E7B42F472C4365A400750E79 /* XCRemoteSwiftPackageReference "firebase-ios-sdk" */;
			productName = "FirebaseFirestoreCombine-Community";
		};
		E7B42F502C4365A400750E79 /* FirebaseFirestoreSwift */ = {
			isa = XCSwiftPackageProductDependency;
			package = E7B42F472C4365A400750E79 /* XCRemoteSwiftPackageReference "firebase-ios-sdk" */;
			productName = FirebaseFirestoreSwift;
		};
		E7B42F522C4365E900750E79 /* FirebaseAnalytics */ = {
			isa = XCSwiftPackageProductDependency;
			package = E7B42F472C4365A400750E79 /* XCRemoteSwiftPackageReference "firebase-ios-sdk" */;
			productName = FirebaseAnalytics;
		};
		E7B42F542C4365E900750E79 /* FirebaseAnalyticsOnDeviceConversion */ = {
			isa = XCSwiftPackageProductDependency;
			package = E7B42F472C4365A400750E79 /* XCRemoteSwiftPackageReference "firebase-ios-sdk" */;
			productName = FirebaseAnalyticsOnDeviceConversion;
		};
		E7B42F562C4365E900750E79 /* FirebaseAnalyticsSwift */ = {
			isa = XCSwiftPackageProductDependency;
			package = E7B42F472C4365A400750E79 /* XCRemoteSwiftPackageReference "firebase-ios-sdk" */;
			productName = FirebaseAnalyticsSwift;
		};
/* End XCSwiftPackageProductDependency section */
	};
	rootObject = E7B42F2C2C43632700750E79 /* Project object */;
}
